
Microsoft Visual Studio Solution File, Format Version 12.00
# Visual Studio Version 17
VisualStudioVersion = 17.10.34916.146
MinimumVisualStudioVersion = 10.0.40219.1
Project("{FAE04EC0-301F-11D3-BF4B-00C04F79EFBC}") = "Schoolsystemdy", "Schoolsystemdy.csproj", "{E7CF6422-438A-4B04-AA2F-42E700F8C746}"
EndProject
Global
	GlobalSection(SolutionConfigurationPlatforms) = preSolution
		Debug|Any CPU = Debug|Any CPU
		Release|Any CPU = Release|Any CPU
	EndGlobalSection
	GlobalSection(ProjectConfigurationPlatforms) = postSolution
		{E7CF6422-438A-4B04-AA2F-42E700F8C746}.Debug|Any CPU.ActiveCfg = Debug|Any CPU
		{E7CF6422-438A-4B04-AA2F-42E700F8C746}.Debug|Any CPU.Build.0 = Debug|Any CPU
		{E7CF6422-438A-4B04-AA2F-42E700F8C746}.Release|Any CPU.ActiveCfg = Release|Any CPU
		{E7CF6422-438A-4B04-AA2F-42E700F8C746}.Release|Any CPU.Build.0 = Release|Any CPU
	EndGlobalSection
	GlobalSection(SolutionProperties) = preSolution
		HideSolutionNode = FALSE
	EndGlobalSection
	GlobalSection(ExtensibilityGlobals) = postSolution
		SolutionGuid = {1BAEC310-D782-4118-897D-851FE1CA7B5F}
	EndGlobalSection
EndGlobal
